// !$*UTF8*$!
{
	archiveVersion = 1;
	classes = {
	};
	objectVersion = 46;
	objects = {

/* Begin PBXBuildFile section */
		3A99B6961D6E0A02006B73D0 /* AppDelegate.swift in Sources */ = {isa = PBXBuildFile; fileRef = 3A99B6951D6E0A02006B73D0 /* AppDelegate.swift */; };
		3A99B6981D6E0A02006B73D0 /* ViewController.swift in Sources */ = {isa = PBXBuildFile; fileRef = 3A99B6971D6E0A02006B73D0 /* ViewController.swift */; };
		3A99B69B1D6E0A02006B73D0 /* Main.storyboard in Resources */ = {isa = PBXBuildFile; fileRef = 3A99B6991D6E0A02006B73D0 /* Main.storyboard */; };
		3A99B69D1D6E0A02006B73D0 /* Assets.xcassets in Resources */ = {isa = PBXBuildFile; fileRef = 3A99B69C1D6E0A02006B73D0 /* Assets.xcassets */; };
		3A99B6A01D6E0A02006B73D0 /* LaunchScreen.storyboard in Resources */ = {isa = PBXBuildFile; fileRef = 3A99B69E1D6E0A02006B73D0 /* LaunchScreen.storyboard */; };
		3A99B6AB1D6E0A02006B73D0 /* gitTests.swift in Sources */ = {isa = PBXBuildFile; fileRef = 3A99B6AA1D6E0A02006B73D0 /* gitTests.swift */; };
		3A99B6B61D6E0A02006B73D0 /* gitUITests.swift in Sources */ = {isa = PBXBuildFile; fileRef = 3A99B6B51D6E0A02006B73D0 /* gitUITests.swift */; };
/* End PBXBuildFile section */

/* Begin PBXContainerItemProxy section */
		3A99B6A71D6E0A02006B73D0 /* PBXContainerItemProxy */ = {
			isa = PBXContainerItemProxy;
			containerPortal = 3A99B68A1D6E0A02006B73D0 /* Project object */;
			proxyType = 1;
			remoteGlobalIDString = 3A99B6911D6E0A02006B73D0;
			remoteInfo = git;
		};
		3A99B6B21D6E0A02006B73D0 /* PBXContainerItemProxy */ = {
			isa = PBXContainerItemProxy;
			containerPortal = 3A99B68A1D6E0A02006B73D0 /* Project object */;
			proxyType = 1;
			remoteGlobalIDString = 3A99B6911D6E0A02006B73D0;
			remoteInfo = git;
		};
/* End PBXContainerItemProxy section */

/* Begin PBXFileReference section */
		3A99B6921D6E0A02006B73D0 /* git.app */ = {isa = PBXFileReference; explicitFileType = wrapper.application; includeInIndex = 0; path = git.app; sourceTree = BUILT_PRODUCTS_DIR; };
		3A99B6951D6E0A02006B73D0 /* AppDelegate.swift */ = {isa = PBXFileReference; lastKnownFileType = sourcecode.swift; path = AppDelegate.swift; sourceTree = "<group>"; };
		3A99B6971D6E0A02006B73D0 /* ViewController.swift */ = {isa = PBXFileReference; lastKnownFileType = sourcecode.swift; path = ViewController.swift; sourceTree = "<group>"; };
		3A99B69A1D6E0A02006B73D0 /* Base */ = {isa = PBXFileReference; lastKnownFileType = file.storyboard; name = Base; path = Base.lproj/Main.storyboard; sourceTree = "<group>"; };
		3A99B69C1D6E0A02006B73D0 /* Assets.xcassets */ = {isa = PBXFileReference; lastKnownFileType = folder.assetcatalog; path = Assets.xcassets; sourceTree = "<group>"; };
		3A99B69F1D6E0A02006B73D0 /* Base */ = {isa = PBXFileReference; lastKnownFileType = file.storyboard; name = Base; path = Base.lproj/LaunchScreen.storyboard; sourceTree = "<group>"; };
		3A99B6A11D6E0A02006B73D0 /* Info.plist */ = {isa = PBXFileReference; lastKnownFileType = text.plist.xml; path = Info.plist; sourceTree = "<group>"; };
		3A99B6A61D6E0A02006B73D0 /* gitTests.xctest */ = {isa = PBXFileReference; explicitFileType = wrapper.cfbundle; includeInIndex = 0; path = gitTests.xctest; sourceTree = BUILT_PRODUCTS_DIR; };
		3A99B6AA1D6E0A02006B73D0 /* gitTests.swift */ = {isa = PBXFileReference; lastKnownFileType = sourcecode.swift; path = gitTests.swift; sourceTree = "<group>"; };
		3A99B6AC1D6E0A02006B73D0 /* Info.plist */ = {isa = PBXFileReference; lastKnownFileType = text.plist.xml; path = Info.plist; sourceTree = "<group>"; };
		3A99B6B11D6E0A02006B73D0 /* gitUITests.xctest */ = {isa = PBXFileReference; explicitFileType = wrapper.cfbundle; includeInIndex = 0; path = gitUITests.xctest; sourceTree = BUILT_PRODUCTS_DIR; };
		3A99B6B51D6E0A02006B73D0 /* gitUITests.swift */ = {isa = PBXFileReference; lastKnownFileType = sourcecode.swift; path = gitUITests.swift; sourceTree = "<group>"; };
		3A99B6B71D6E0A02006B73D0 /* Info.plist */ = {isa = PBXFileReference; lastKnownFileType = text.plist.xml; path = Info.plist; sourceTree = "<group>"; };
/* End PBXFileReference section */

/* Begin PBXFrameworksBuildPhase section */
		3A99B68F1D6E0A02006B73D0 /* Frameworks */ = {
			isa = PBXFrameworksBuildPhase;
			buildActionMask = 2147483647;
			files = (
			);
			runOnlyForDeploymentPostprocessing = 0;
		};
		3A99B6A31D6E0A02006B73D0 /* Frameworks */ = {
			isa = PBXFrameworksBuildPhase;
			buildActionMask = 2147483647;
			files = (
			);
			runOnlyForDeploymentPostprocessing = 0;
		};
		3A99B6AE1D6E0A02006B73D0 /* Frameworks */ = {
			isa = PBXFrameworksBuildPhase;
			buildActionMask = 2147483647;
			files = (
			);
			runOnlyForDeploymentPostprocessing = 0;
		};
/* End PBXFrameworksBuildPhase section */

/* Begin PBXGroup section */
		3A99B6891D6E0A02006B73D0 = {
			isa = PBXGroup;
			children = (
				3A99B6941D6E0A02006B73D0 /* git */,
				3A99B6A91D6E0A02006B73D0 /* gitTests */,
				3A99B6B41D6E0A02006B73D0 /* gitUITests */,
				3A99B6931D6E0A02006B73D0 /* Products */,
			);
			sourceTree = "<group>";
		};
		3A99B6931D6E0A02006B73D0 /* Products */ = {
			isa = PBXGroup;
			children = (
				3A99B6921D6E0A02006B73D0 /* git.app */,
				3A99B6A61D6E0A02006B73D0 /* gitTests.xctest */,
				3A99B6B11D6E0A02006B73D0 /* gitUITests.xctest */,
			);
			name = Products;
			sourceTree = "<group>";
		};
		3A99B6941D6E0A02006B73D0 /* git */ = {
			isa = PBXGroup;
			children = (
				3A99B6951D6E0A02006B73D0 /* AppDelegate.swift */,
				3A99B6971D6E0A02006B73D0 /* ViewController.swift */,
				3A99B6991D6E0A02006B73D0 /* Main.storyboard */,
				3A99B69C1D6E0A02006B73D0 /* Assets.xcassets */,
				3A99B69E1D6E0A02006B73D0 /* LaunchScreen.storyboard */,
				3A99B6A11D6E0A02006B73D0 /* Info.plist */,
			);
			path = git;
			sourceTree = "<group>";
		};
		3A99B6A91D6E0A02006B73D0 /* gitTests */ = {
			isa = PBXGroup;
			children = (
				3A99B6AA1D6E0A02006B73D0 /* gitTests.swift */,
				3A99B6AC1D6E0A02006B73D0 /* Info.plist */,
			);
			path = gitTests;
			sourceTree = "<group>";
		};
		3A99B6B41D6E0A02006B73D0 /* gitUITests */ = {
			isa = PBXGroup;
			children = (
				3A99B6B51D6E0A02006B73D0 /* gitUITests.swift */,
				3A99B6B71D6E0A02006B73D0 /* Info.plist */,
			);
			path = gitUITests;
			sourceTree = "<group>";
		};
/* End PBXGroup section */

/* Begin PBXNativeTarget section */
		3A99B6911D6E0A02006B73D0 /* git */ = {
			isa = PBXNativeTarget;
			buildConfigurationList = 3A99B6BA1D6E0A02006B73D0 /* Build configuration list for PBXNativeTarget "git" */;
			buildPhases = (
				3A99B68E1D6E0A02006B73D0 /* Sources */,
				3A99B68F1D6E0A02006B73D0 /* Frameworks */,
				3A99B6901D6E0A02006B73D0 /* Resources */,
			);
			buildRules = (
			);
			dependencies = (
			);
			name = git;
			productName = git;
			productReference = 3A99B6921D6E0A02006B73D0 /* git.app */;
			productType = "com.apple.product-type.application";
		};
		3A99B6A51D6E0A02006B73D0 /* gitTests */ = {
			isa = PBXNativeTarget;
			buildConfigurationList = 3A99B6BD1D6E0A02006B73D0 /* Build configuration list for PBXNativeTarget "gitTests" */;
			buildPhases = (
				3A99B6A21D6E0A02006B73D0 /* Sources */,
				3A99B6A31D6E0A02006B73D0 /* Frameworks */,
				3A99B6A41D6E0A02006B73D0 /* Resources */,
			);
			buildRules = (
			);
			dependencies = (
				3A99B6A81D6E0A02006B73D0 /* PBXTargetDependency */,
			);
			name = gitTests;
			productName = gitTests;
			productReference = 3A99B6A61D6E0A02006B73D0 /* gitTests.xctest */;
			productType = "com.apple.product-type.bundle.unit-test";
		};
		3A99B6B01D6E0A02006B73D0 /* gitUITests */ = {
			isa = PBXNativeTarget;
			buildConfigurationList = 3A99B6C01D6E0A02006B73D0 /* Build configuration list for PBXNativeTarget "gitUITests" */;
			buildPhases = (
				3A99B6AD1D6E0A02006B73D0 /* Sources */,
				3A99B6AE1D6E0A02006B73D0 /* Frameworks */,
				3A99B6AF1D6E0A02006B73D0 /* Resources */,
			);
			buildRules = (
			);
			dependencies = (
				3A99B6B31D6E0A02006B73D0 /* PBXTargetDependency */,
			);
			name = gitUITests;
			productName = gitUITests;
			productReference = 3A99B6B11D6E0A02006B73D0 /* gitUITests.xctest */;
			productType = "com.apple.product-type.bundle.ui-testing";
		};
/* End PBXNativeTarget section */

/* Begin PBXProject section */
		3A99B68A1D6E0A02006B73D0 /* Project object */ = {
			isa = PBXProject;
			attributes = {
				LastSwiftUpdateCheck = 0800;
				LastUpgradeCheck = 0800;
				ORGANIZATIONNAME = "Vantol Bennett";
				TargetAttributes = {
					3A99B6911D6E0A02006B73D0 = {
						CreatedOnToolsVersion = 8.0;
						ProvisioningStyle = Automatic;
					};
					3A99B6A51D6E0A02006B73D0 = {
						CreatedOnToolsVersion = 8.0;
						ProvisioningStyle = Automatic;
						TestTargetID = 3A99B6911D6E0A02006B73D0;
					};
					3A99B6B01D6E0A02006B73D0 = {
						CreatedOnToolsVersion = 8.0;
						ProvisioningStyle = Automatic;
						TestTargetID = 3A99B6911D6E0A02006B73D0;
					};
				};
			};
			buildConfigurationList = 3A99B68D1D6E0A02006B73D0 /* Build configuration list for PBXProject "git" */;
			compatibilityVersion = "Xcode 3.2";
			developmentRegion = English;
			hasScannedForEncodings = 0;
			knownRegions = (
				en,
				Base,
			);
			mainGroup = 3A99B6891D6E0A02006B73D0;
			productRefGroup = 3A99B6931D6E0A02006B73D0 /* Products */;
			projectDirPath = "";
			projectRoot = "";
			targets = (
				3A99B6911D6E0A02006B73D0 /* git */,
				3A99B6A51D6E0A02006B73D0 /* gitTests */,
				3A99B6B01D6E0A02006B73D0 /* gitUITests */,
			);
		};
/* End PBXProject section */

/* Begin PBXResourcesBuildPhase section */
		3A99B6901D6E0A02006B73D0 /* Resources */ = {
			isa = PBXResourcesBuildPhase;
			buildActionMask = 2147483647;
			files = (
				3A99B6A01D6E0A02006B73D0 /* LaunchScreen.storyboard in Resources */,
				3A99B69D1D6E0A02006B73D0 /* Assets.xcassets in Resources */,
				3A99B69B1D6E0A02006B73D0 /* Main.storyboard in Resources */,
			);
			runOnlyForDeploymentPostprocessing = 0;
		};
		3A99B6A41D6E0A02006B73D0 /* Resources */ = {
			isa = PBXResourcesBuildPhase;
			buildActionMask = 2147483647;
			files = (
			);
			runOnlyForDeploymentPostprocessing = 0;
		};
		3A99B6AF1D6E0A02006B73D0 /* Resources */ = {
			isa = PBXResourcesBuildPhase;
			buildActionMask = 2147483647;
			files = (
			);
			runOnlyForDeploymentPostprocessing = 0;
		};
/* End PBXResourcesBuildPhase section */

/* Begin PBXSourcesBuildPhase section */
		3A99B68E1D6E0A02006B73D0 /* Sources */ = {
			isa = PBXSourcesBuildPhase;
			buildActionMask = 2147483647;
			files = (
				3A99B6981D6E0A02006B73D0 /* ViewController.swift in Sources */,
				3A99B6961D6E0A02006B73D0 /* AppDelegate.swift in Sources */,
			);
			runOnlyForDeploymentPostprocessing = 0;
		};
		3A99B6A21D6E0A02006B73D0 /* Sources */ = {
			isa = PBXSourcesBuildPhase;
			buildActionMask = 2147483647;
			files = (
				3A99B6AB1D6E0A02006B73D0 /* gitTests.swift in Sources */,
			);
			runOnlyForDeploymentPostprocessing = 0;
		};
		3A99B6AD1D6E0A02006B73D0 /* Sources */ = {
			isa = PBXSourcesBuildPhase;
			buildActionMask = 2147483647;
			files = (
				3A99B6B61D6E0A02006B73D0 /* gitUITests.swift in Sources */,
			);
			runOnlyForDeploymentPostprocessing = 0;
		};
/* End PBXSourcesBuildPhase section */

/* Begin PBXTargetDependency section */
		3A99B6A81D6E0A02006B73D0 /* PBXTargetDependency */ = {
			isa = PBXTargetDependency;
			target = 3A99B6911D6E0A02006B73D0 /* git */;
			targetProxy = 3A99B6A71D6E0A02006B73D0 /* PBXContainerItemProxy */;
		};
		3A99B6B31D6E0A02006B73D0 /* PBXTargetDependency */ = {
			isa = PBXTargetDependency;
			target = 3A99B6911D6E0A02006B73D0 /* git */;
			targetProxy = 3A99B6B21D6E0A02006B73D0 /* PBXContainerItemProxy */;
		};
/* End PBXTargetDependency section */

/* Begin PBXVariantGroup section */
		3A99B6991D6E0A02006B73D0 /* Main.storyboard */ = {
			isa = PBXVariantGroup;
			children = (
				3A99B69A1D6E0A02006B73D0 /* Base */,
			);
			name = Main.storyboard;
			sourceTree = "<group>";
		};
		3A99B69E1D6E0A02006B73D0 /* LaunchScreen.storyboard */ = {
			isa = PBXVariantGroup;
			children = (
				3A99B69F1D6E0A02006B73D0 /* Base */,
			);
			name = LaunchScreen.storyboard;
			sourceTree = "<group>";
		};
/* End PBXVariantGroup section */

/* Begin XCBuildConfiguration section */
		3A99B6B81D6E0A02006B73D0 /* Debug */ = {
			isa = XCBuildConfiguration;
			buildSettings = {
				ALWAYS_SEARCH_USER_PATHS = NO;
				CLANG_ANALYZER_NONNULL = YES;
				CLANG_CXX_LANGUAGE_STANDARD = "gnu++0x";
				CLANG_CXX_LIBRARY = "libc++";
				CLANG_ENABLE_MODULES = YES;
				CLANG_ENABLE_OBJC_ARC = YES;
				CLANG_WARN_BOOL_CONVERSION = YES;
				CLANG_WARN_CONSTANT_CONVERSION = YES;
				CLANG_WARN_DIRECT_OBJC_ISA_USAGE = YES_ERROR;
				CLANG_WARN_DOCUMENTATION_COMMENTS = YES;
				CLANG_WARN_EMPTY_BODY = YES;
				CLANG_WARN_ENUM_CONVERSION = YES;
				CLANG_WARN_INFINITE_RECURSION = YES;
				CLANG_WARN_INT_CONVERSION = YES;
				CLANG_WARN_OBJC_ROOT_CLASS = YES_ERROR;
				CLANG_WARN_SUSPICIOUS_MOVES = YES;
				CLANG_WARN_UNREACHABLE_CODE = YES;
				CLANG_WARN__DUPLICATE_METHOD_MATCH = YES;
				"CODE_SIGN_IDENTITY[sdk=iphoneos*]" = "iPhone Developer";
				COPY_PHASE_STRIP = NO;
				DEBUG_INFORMATION_FORMAT = dwarf;
				ENABLE_STRICT_OBJC_MSGSEND = YES;
				ENABLE_TESTABILITY = YES;
				GCC_C_LANGUAGE_STANDARD = gnu99;
				GCC_DYNAMIC_NO_PIC = NO;
				GCC_NO_COMMON_BLOCKS = YES;
				GCC_OPTIMIZATION_LEVEL = 0;
				GCC_PREPROCESSOR_DEFINITIONS = (
					"DEBUG=1",
					"$(inherited)",
				);
				GCC_WARN_64_TO_32_BIT_CONVERSION = YES;
				GCC_WARN_ABOUT_RETURN_TYPE = YES_ERROR;
				GCC_WARN_UNDECLARED_SELECTOR = YES;
				GCC_WARN_UNINITIALIZED_AUTOS = YES_AGGRESSIVE;
				GCC_WARN_UNUSED_FUNCTION = YES;
				GCC_WARN_UNUSED_VARIABLE = YES;
				IPHONEOS_DEPLOYMENT_TARGET = 10.0;
				MTL_ENABLE_DEBUG_INFO = YES;
				ONLY_ACTIVE_ARCH = YES;
				SDKROOT = iphoneos;
				SWIFT_ACTIVE_COMPILATION_CONDITIONS = DEBUG;
				SWIFT_OPTIMIZATION_LEVEL = "-Onone";
			};
			name = Debug;
		};
		3A99B6B91D6E0A02006B73D0 /* Release */ = {
			isa = XCBuildConfiguration;
			buildSettings = {
				ALWAYS_SEARCH_USER_PATHS = NO;
				CLANG_ANALYZER_NONNULL = YES;
				CLANG_CXX_LANGUAGE_STANDARD = "gnu++0x";
				CLANG_CXX_LIBRARY = "libc++";
				CLANG_ENABLE_MODULES = YES;
				CLANG_ENABLE_OBJC_ARC = YES;
				CLANG_WARN_BOOL_CONVERSION = YES;
				CLANG_WARN_CONSTANT_CONVERSION = YES;
				CLANG_WARN_DIRECT_OBJC_ISA_USAGE = YES_ERROR;
				CLANG_WARN_DOCUMENTATION_COMMENTS = YES;
				CLANG_WARN_EMPTY_BODY = YES;
				CLANG_WARN_ENUM_CONVERSION = YES;
				CLANG_WARN_INFINITE_RECURSION = YES;
				CLANG_WARN_INT_CONVERSION = YES;
				CLANG_WARN_OBJC_ROOT_CLASS = YES_ERROR;
				CLANG_WARN_SUSPICIOUS_MOVES = YES;
				CLANG_WARN_UNREACHABLE_CODE = YES;
				CLANG_WARN__DUPLICATE_METHOD_MATCH = YES;
				"CODE_SIGN_IDENTITY[sdk=iphoneos*]" = "iPhone Developer";
				COPY_PHASE_STRIP = NO;
				DEBUG_INFORMATION_FORMAT = "dwarf-with-dsym";
				ENABLE_NS_ASSERTIONS = NO;
				ENABLE_STRICT_OBJC_MSGSEND = YES;
				GCC_C_LANGUAGE_STANDARD = gnu99;
				GCC_NO_COMMON_BLOCKS = YES;
				GCC_WARN_64_TO_32_BIT_CONVERSION = YES;
				GCC_WARN_ABOUT_RETURN_TYPE = YES_ERROR;
				GCC_WARN_UNDECLARED_SELECTOR = YES;
				GCC_WARN_UNINITIALIZED_AUTOS = YES_AGGRESSIVE;
				GCC_WARN_UNUSED_FUNCTION = YES;
				GCC_WARN_UNUSED_VARIABLE = YES;
				IPHONEOS_DEPLOYMENT_TARGET = 10.0;
				MTL_ENABLE_DEBUG_INFO = NO;
				SDKROOT = iphoneos;
				SWIFT_OPTIMIZATION_LEVEL = "-Owholemodule";
				VALIDATE_PRODUCT = YES;
			};
			name = Release;
		};
		3A99B6BB1D6E0A02006B73D0 /* Debug */ = {
			isa = XCBuildConfiguration;
			buildSettings = {
				ASSETCATALOG_COMPILER_APPICON_NAME = AppIcon;
				INFOPLIST_FILE = git/Info.plist;
				LD_RUNPATH_SEARCH_PATHS = "$(inherited) @executable_path/Frameworks";
				PRODUCT_BUNDLE_IDENTIFIER = com.teckcareonline.git;
				PRODUCT_NAME = "$(TARGET_NAME)";
				SWIFT_VERSION = 3.0;
			};
			name = Debug;
		};
		3A99B6BC1D6E0A02006B73D0 /* Release */ = {
			isa = XCBuildConfiguration;
			buildSettings = {
				ASSETCATALOG_COMPILER_APPICON_NAME = AppIcon;
				INFOPLIST_FILE = git/Info.plist;
				LD_RUNPATH_SEARCH_PATHS = "$(inherited) @executable_path/Frameworks";
				PRODUCT_BUNDLE_IDENTIFIER = com.teckcareonline.git;
				PRODUCT_NAME = "$(TARGET_NAME)";
				SWIFT_VERSION = 3.0;
			};
			name = Release;
		};
		3A99B6BE1D6E0A02006B73D0 /* Debug */ = {
			isa = XCBuildConfiguration;
			buildSettings = {
				ALWAYS_EMBED_SWIFT_STANDARD_LIBRARIES = YES;
				BUNDLE_LOADER = "$(TEST_HOST)";
				INFOPLIST_FILE = gitTests/Info.plist;
				LD_RUNPATH_SEARCH_PATHS = "$(inherited) @executable_path/Frameworks @loader_path/Frameworks";
				PRODUCT_BUNDLE_IDENTIFIER = com.teckcareonline.gitTests;
				PRODUCT_NAME = "$(TARGET_NAME)";
				SWIFT_VERSION = 3.0;
				TEST_HOST = "$(BUILT_PRODUCTS_DIR)/git.app/git";
			};
			name = Debug;
		};
		3A99B6BF1D6E0A02006B73D0 /* Release */ = {
			isa = XCBuildConfiguration;
			buildSettings = {
				ALWAYS_EMBED_SWIFT_STANDARD_LIBRARIES = YES;
				BUNDLE_LOADER = "$(TEST_HOST)";
				INFOPLIST_FILE = gitTests/Info.plist;
				LD_RUNPATH_SEARCH_PATHS = "$(inherited) @executable_path/Frameworks @loader_path/Frameworks";
				PRODUCT_BUNDLE_IDENTIFIER = com.teckcareonline.gitTests;
				PRODUCT_NAME = "$(TARGET_NAME)";
				SWIFT_VERSION = 3.0;
				TEST_HOST = "$(BUILT_PRODUCTS_DIR)/git.app/git";
			};
			name = Release;
		};
		3A99B6C11D6E0A02006B73D0 /* Debug */ = {
			isa = XCBuildConfiguration;
			buildSettings = {
				ALWAYS_EMBED_SWIFT_STANDARD_LIBRARIES = YES;
				INFOPLIST_FILE = gitUITests/Info.plist;
				LD_RUNPATH_SEARCH_PATHS = "$(inherited) @executable_path/Frameworks @loader_path/Frameworks";
				PRODUCT_BUNDLE_IDENTIFIER = com.teckcareonline.gitUITests;
				PRODUCT_NAME = "$(TARGET_NAME)";
				SWIFT_VERSION = 3.0;
				TEST_TARGET_NAME = git;
			};
			name = Debug;
		};
		3A99B6C21D6E0A02006B73D0 /* Release */ = {
			isa = XCBuildConfiguration;
			buildSettings = {
				ALWAYS_EMBED_SWIFT_STANDARD_LIBRARIES = YES;
				INFOPLIST_FILE = gitUITests/Info.plist;
				LD_RUNPATH_SEARCH_PATHS = "$(inherited) @executable_path/Frameworks @loader_path/Frameworks";
				PRODUCT_BUNDLE_IDENTIFIER = com.teckcareonline.gitUITests;
				PRODUCT_NAME = "$(TARGET_NAME)";
				SWIFT_VERSION = 3.0;
				TEST_TARGET_NAME = git;
			};
			name = Release;
		};
/* End XCBuildConfiguration section */

/* Begin XCConfigurationList section */
		3A99B68D1D6E0A02006B73D0 /* Build configuration list for PBXProject "git" */ = {
			isa = XCConfigurationList;
			buildConfigurations = (
				3A99B6B81D6E0A02006B73D0 /* Debug */,
				3A99B6B91D6E0A02006B73D0 /* Release */,
			);
			defaultConfigurationIsVisible = 0;
			defaultConfigurationName = Release;
		};
		3A99B6BA1D6E0A02006B73D0 /* Build configuration list for PBXNativeTarget "git" */ = {
			isa = XCConfigurationList;
			buildConfigurations = (
				3A99B6BB1D6E0A02006B73D0 /* Debug */,
				3A99B6BC1D6E0A02006B73D0 /* Release */,
			);
			defaultConfigurationIsVisible = 0;
		};
		3A99B6BD1D6E0A02006B73D0 /* Build configuration list for PBXNativeTarget "gitTests" */ = {
			isa = XCConfigurationList;
			buildConfigurations = (
				3A99B6BE1D6E0A02006B73D0 /* Debug */,
				3A99B6BF1D6E0A02006B73D0 /* Release */,
			);
			defaultConfigurationIsVisible = 0;
		};
		3A99B6C01D6E0A02006B73D0 /* Build configuration list for PBXNativeTarget "gitUITests" */ = {
			isa = XCConfigurationList;
			buildConfigurations = (
				3A99B6C11D6E0A02006B73D0 /* Debug */,
				3A99B6C21D6E0A02006B73D0 /* Release */,
			);
			defaultConfigurationIsVisible = 0;
		};
/* End XCConfigurationList section */
	};
	rootObject = 3A99B68A1D6E0A02006B73D0 /* Project object */;
}
